
Microsoft Visual Studio Solution File, Format Version 12.00
# Visual Studio Version 17
VisualStudioVersion = 17.2.32616.157
MinimumVisualStudioVersion = 10.0.40219.1
Project("{FAE04EC0-301F-11D3-BF4B-00C04F79EFBC}") = "CodeAlongCollections", "CodeAlongCollections\CodeAlongCollections.csproj", "{3C2B64AB-1248-4786-A248-B48E4F3FDD3A}"
EndProject
Global
	GlobalSection(SolutionConfigurationPlatforms) = preSolution
		Debug|Any CPU = Debug|Any CPU
		Release|Any CPU = Release|Any CPU
	EndGlobalSection
	GlobalSection(ProjectConfigurationPlatforms) = postSolution
		{3C2B64AB-1248-4786-A248-B48E4F3FDD3A}.Debug|Any CPU.ActiveCfg = Debug|Any CPU
		{3C2B64AB-1248-4786-A248-B48E4F3FDD3A}.Debug|Any CPU.Build.0 = Debug|Any CPU
		{3C2B64AB-1248-4786-A248-B48E4F3FDD3A}.Release|Any CPU.ActiveCfg = Release|Any CPU
		{3C2B64AB-1248-4786-A248-B48E4F3FDD3A}.Release|Any CPU.Build.0 = Release|Any CPU
	EndGlobalSection
	GlobalSection(SolutionProperties) = preSolution
		HideSolutionNode = FALSE
	EndGlobalSection
	GlobalSection(ExtensibilityGlobals) = postSolution
		SolutionGuid = {AC8A6138-EDE8-407E-BA81-55D3A6B9EA0F}
	EndGlobalSection
EndGlobal
